
Microsoft Visual Studio Solution File, Format Version 12.00
# Visual Studio Version 16
VisualStudioVersion = 16.0.29509.3
MinimumVisualStudioVersion = 10.0.40219.1
Project("{FAE04EC0-301F-11D3-BF4B-00C04F79EFBC}") = "Компьютерная графика2", "Компьютерная графика2.csproj", "{690913F0-8374-4332-B52D-EC606BF885E6}"
EndProject
Global
	GlobalSection(SolutionConfigurationPlatforms) = preSolution
		Debug|Any CPU = Debug|Any CPU
		Release|Any CPU = Release|Any CPU
	EndGlobalSection
	GlobalSection(ProjectConfigurationPlatforms) = postSolution
		{690913F0-8374-4332-B52D-EC606BF885E6}.Debug|Any CPU.ActiveCfg = Debug|Any CPU
		{690913F0-8374-4332-B52D-EC606BF885E6}.Debug|Any CPU.Build.0 = Debug|Any CPU
		{690913F0-8374-4332-B52D-EC606BF885E6}.Release|Any CPU.ActiveCfg = Release|Any CPU
		{690913F0-8374-4332-B52D-EC606BF885E6}.Release|Any CPU.Build.0 = Release|Any CPU
	EndGlobalSection
	GlobalSection(SolutionProperties) = preSolution
		HideSolutionNode = FALSE
	EndGlobalSection
	GlobalSection(ExtensibilityGlobals) = postSolution
		SolutionGuid = {AAD17AE6-30E7-46AB-83E0-83C1FA177793}
	EndGlobalSection
EndGlobal
